// !$*UTF8*$!
{
	archiveVersion = 1;
	classes = {
	};
	objectVersion = 55;
	objects = {

/* Begin PBXBuildFile section */
		5B3BCB132FAD97EA009A2991 /* SmartFarmApp.swift in Sources */ = {isa = PBXBuildFile; fileRef = 5B3BCB122FAD97EA009A2991 /* SmartFarmApp.swift */; };
		5B3BCB152FAD97EA009A2991 /* ContentView.swift in Sources */ = {isa = PBXBuildFile; fileRef = 5B3BCB142FAD97EA009A2991 /* ContentView.swift */; };
		5B3BCB172FAD97EC009A2991 /* Assets.xcassets in Resources */ = {isa = PBXBuildFile; fileRef = 5B3BCB162FAD97EC009A2991 /* Assets.xcassets */; };
		5B3BCB1A2FAD97EC009A2991 /* Preview Assets.xcassets in Resources */ = {isa = PBXBuildFile; fileRef = 5B3BCB192FAD97EC009A2991 /* Preview Assets.xcassets */; };
		5B3BCB1C2FAD97EC009A2991 /* Persistence.swift in Sources */ = {isa = PBXBuildFile; fileRef = 5B3BCB1B2FAD97EC009A2991 /* Persistence.swift */; };
		5B3BCB1F2FAD97EC009A2991 /* SmartFarm.xcdatamodeld in Sources */ = {isa = PBXBuildFile; fileRef = 5B3BCB1D2FAD97EC009A2991 /* SmartFarm.xcdatamodeld */; };
		5B43EDC52FCB28F900D0E92A /* TransactionDetailView.swift in Sources */ = {isa = PBXBuildFile; fileRef = 5B43EDC42FCB28F900D0E92A /* TransactionDetailView.swift */; };
		5B43EDC72FCB294400D0E92A /* TransactionListView.swift in Sources */ = {isa = PBXBuildFile; fileRef = 5B43EDC62FCB294400D0E92A /* TransactionListView.swift */; };
		5B43EDC92FCB296200D0E92A /* TransactionRowView.swift in Sources */ = {isa = PBXBuildFile; fileRef = 5B43EDC82FCB296200D0E92A /* TransactionRowView.swift */; };
		5B43EDCD2FCB2B0D00D0E92A /* FinanceViewModel.swift in Sources */ = {isa = PBXBuildFile; fileRef = 5B43EDCC2FCB2B0C00D0E92A /* FinanceViewModel.swift */; };
		5B43EDFB2FCB3EEA00D0E92A /* MonthlyReport.swift in Sources */ = {isa = PBXBuildFile; fileRef = 5B43EDFA2FCB3EEA00D0E92A /* MonthlyReport.swift */; };
		5B43EDFF2FCB3FA400D0E92A /* CSVExporter.swift in Sources */ = {isa = PBXBuildFile; fileRef = 5B43EDFE2FCB3FA400D0E92A /* CSVExporter.swift */; };
		5B43EE012FCB3FD600D0E92A /* PDFGenerator.swift in Sources */ = {isa = PBXBuildFile; fileRef = 5B43EE002FCB3FD600D0E92A /* PDFGenerator.swift */; };
		5B43EE042FCB409C00D0E92A /* ReportViewModel.swift in Sources */ = {isa = PBXBuildFile; fileRef = 5B43EE032FCB409C00D0E92A /* ReportViewModel.swift */; };
		5B43EE072FCB428E00D0E92A /* BarChatView.swift in Sources */ = {isa = PBXBuildFile; fileRef = 5B43EE062FCB428E00D0E92A /* BarChatView.swift */; };
		5B43EE092FCB42B000D0E92A /* BarShape.swift in Sources */ = {isa = PBXBuildFile; fileRef = 5B43EE082FCB42B000D0E92A /* BarShape.swift */; };
		5B43EE0B2FCB42D400D0E92A /* MonthPickerView.swift in Sources */ = {isa = PBXBuildFile; fileRef = 5B43EE0A2FCB42D400D0E92A /* MonthPickerView.swift */; };
		5B43EE0D2FCB42FF00D0E92A /* ReportTabView.swift in Sources */ = {isa = PBXBuildFile; fileRef = 5B43EE0C2FCB42FF00D0E92A /* ReportTabView.swift */; };
		5B43EE0F2FCB432000D0E92A /* SummaryCardView.swift in Sources */ = {isa = PBXBuildFile; fileRef = 5B43EE0E2FCB432000D0E92A /* SummaryCardView.swift */; };
		5B43EE122FCB43AA00D0E92A /* ShareSheet.swift in Sources */ = {isa = PBXBuildFile; fileRef = 5B43EE112FCB43AA00D0E92A /* ShareSheet.swift */; };
		5B43EE142FCB43E700D0E92A /* CoreDataManager.swift in Sources */ = {isa = PBXBuildFile; fileRef = 5B43EE132FCB43E700D0E92A /* CoreDataManager.swift */; };
		5B43EE162FCB440D00D0E92A /* Formatters.swift in Sources */ = {isa = PBXBuildFile; fileRef = 5B43EE152FCB440D00D0E92A /* Formatters.swift */; };
		5BD68AB92FC94AB700DEE10A /* FinanceTabview.swift in Sources */ = {isa = PBXBuildFile; fileRef = 5BD68AB82FC94AB700DEE10A /* FinanceTabview.swift */; };
		5BD68AC02FC94F6300DEE10A /* AddTransactionView.swift in Sources */ = {isa = PBXBuildFile; fileRef = 5BD68ABF2FC94F6300DEE10A /* AddTransactionView.swift */; };
		5BD68AC22FC94FA900DEE10A /* DynamicFilterView.swift in Sources */ = {isa = PBXBuildFile; fileRef = 5BD68AC12FC94FA900DEE10A /* DynamicFilterView.swift */; };
		5BD68AC42FC94FFF00DEE10A /* EditTransactionView.swift in Sources */ = {isa = PBXBuildFile; fileRef = 5BD68AC32FC94FFF00DEE10A /* EditTransactionView.swift */; };
		AA000010FFFFFFFF00000001 /* Transaction.swift in Sources */ = {isa = PBXBuildFile; fileRef = AA000010FFFFFFFF00000000 /* Transaction.swift */; };
		AA000011FFFFFFFF00000001 /* FarmActivity.swift in Sources */ = {isa = PBXBuildFile; fileRef = AA000011FFFFFFFF00000000 /* FarmActivity.swift */; };
		AA000012FFFFFFFF00000001 /* Reminder.swift in Sources */ = {isa = PBXBuildFile; fileRef = AA000012FFFFFFFF00000000 /* Reminder.swift */; };
		AA000030FFFFFFFF00000001 /* MainTabView.swift in Sources */ = {isa = PBXBuildFile; fileRef = AA000030FFFFFFFF00000000 /* MainTabView.swift */; };
		AECEC902472518095DA9D1C2 /* DashboardView.swift in Sources */ = {isa = PBXBuildFile; fileRef = 8E35A163788907FFCA000177 /* DashboardView.swift */; };
		BB000001FFFFFFFF00000001 /* FarmActivityEntity+CoreDataClass.swift in Sources */ = {isa = PBXBuildFile; fileRef = BB000001FFFFFFFF00000000 /* FarmActivityEntity+CoreDataClass.swift */; };
		BB000002FFFFFFFF00000001 /* FarmActivityEntity+CoreDataProperties.swift in Sources */ = {isa = PBXBuildFile; fileRef = BB000002FFFFFFFF00000000 /* FarmActivityEntity+CoreDataProperties.swift */; };
		BB000003FFFFFFFF00000001 /* TransactionEntity+CoreDataClass.swift in Sources */ = {isa = PBXBuildFile; fileRef = BB000003FFFFFFFF00000000 /* TransactionEntity+CoreDataClass.swift */; };
		BB000004FFFFFFFF00000001 /* TransactionEntity+CoreDataProperties.swift in Sources */ = {isa = PBXBuildFile; fileRef = BB000004FFFFFFFF00000000 /* TransactionEntity+CoreDataProperties.swift */; };
		BB000005FFFFFFFF00000001 /* ReminderEntity+CoreDataClass.swift in Sources */ = {isa = PBXBuildFile; fileRef = BB000005FFFFFFFF00000000 /* ReminderEntity+CoreDataClass.swift */; };
		BB000006FFFFFFFF00000001 /* ReminderEntity+CoreDataProperties.swift in Sources */ = {isa = PBXBuildFile; fileRef = BB000006FFFFFFFF00000000 /* ReminderEntity+CoreDataProperties.swift */; };
/* End PBXBuildFile section */

/* Begin PBXFileReference section */
		5B3BCB0F2FAD97EA009A2991 /* SmartFarm.app */ = {isa = PBXFileReference; explicitFileType = wrapper.application; includeInIndex = 0; path = SmartFarm.app; sourceTree = BUILT_PRODUCTS_DIR; };
		5B3BCB122FAD97EA009A2991 /* SmartFarmApp.swift */ = {isa = PBXFileReference; lastKnownFileType = sourcecode.swift; path = SmartFarmApp.swift; sourceTree = "<group>"; };
		5B3BCB142FAD97EA009A2991 /* ContentView.swift */ = {isa = PBXFileReference; lastKnownFileType = sourcecode.swift; path = ContentView.swift; sourceTree = "<group>"; };
		5B3BCB162FAD97EC009A2991 /* Assets.xcassets */ = {isa = PBXFileReference; lastKnownFileType = folder.assetcatalog; path = Assets.xcassets; sourceTree = "<group>"; };
		5B3BCB192FAD97EC009A2991 /* Preview Assets.xcassets */ = {isa = PBXFileReference; lastKnownFileType = folder.assetcatalog; path = "Preview Assets.xcassets"; sourceTree = "<group>"; };
		5B3BCB1B2FAD97EC009A2991 /* Persistence.swift */ = {isa = PBXFileReference; lastKnownFileType = sourcecode.swift; path = Persistence.swift; sourceTree = "<group>"; };
		5B3BCB1E2FAD97EC009A2991 /* SmartFarm.xcdatamodel */ = {isa = PBXFileReference; lastKnownFileType = wrapper.xcdatamodel; path = SmartFarm.xcdatamodel; sourceTree = "<group>"; };
		5B43EDC42FCB28F900D0E92A /* TransactionDetailView.swift */ = {isa = PBXFileReference; lastKnownFileType = sourcecode.swift; path = TransactionDetailView.swift; sourceTree = "<group>"; };
		5B43EDC62FCB294400D0E92A /* TransactionListView.swift */ = {isa = PBXFileReference; lastKnownFileType = sourcecode.swift; path = TransactionListView.swift; sourceTree = "<group>"; };
		5B43EDC82FCB296200D0E92A /* TransactionRowView.swift */ = {isa = PBXFileReference; lastKnownFileType = sourcecode.swift; path = TransactionRowView.swift; sourceTree = "<group>"; };
		5B43EDCC2FCB2B0C00D0E92A /* FinanceViewModel.swift */ = {isa = PBXFileReference; lastKnownFileType = sourcecode.swift; path = FinanceViewModel.swift; sourceTree = "<group>"; };
		5B43EDFA2FCB3EEA00D0E92A /* MonthlyReport.swift */ = {isa = PBXFileReference; lastKnownFileType = sourcecode.swift; path = MonthlyReport.swift; sourceTree = "<group>"; };
		5B43EDFE2FCB3FA400D0E92A /* CSVExporter.swift */ = {isa = PBXFileReference; lastKnownFileType = sourcecode.swift; path = CSVExporter.swift; sourceTree = "<group>"; };
		5B43EE002FCB3FD600D0E92A /* PDFGenerator.swift */ = {isa = PBXFileReference; lastKnownFileType = sourcecode.swift; path = PDFGenerator.swift; sourceTree = "<group>"; };
		5B43EE032FCB409C00D0E92A /* ReportViewModel.swift */ = {isa = PBXFileReference; lastKnownFileType = sourcecode.swift; path = ReportViewModel.swift; sourceTree = "<group>"; };
		5B43EE062FCB428E00D0E92A /* BarChatView.swift */ = {isa = PBXFileReference; lastKnownFileType = sourcecode.swift; path = BarChatView.swift; sourceTree = "<group>"; };
		5B43EE082FCB42B000D0E92A /* BarShape.swift */ = {isa = PBXFileReference; lastKnownFileType = sourcecode.swift; path = BarShape.swift; sourceTree = "<group>"; };
		5B43EE0A2FCB42D400D0E92A /* MonthPickerView.swift */ = {isa = PBXFileReference; lastKnownFileType = sourcecode.swift; path = MonthPickerView.swift; sourceTree = "<group>"; };
		5B43EE0C2FCB42FF00D0E92A /* ReportTabView.swift */ = {isa = PBXFileReference; lastKnownFileType = sourcecode.swift; path = ReportTabView.swift; sourceTree = "<group>"; };
		5B43EE0E2FCB432000D0E92A /* SummaryCardView.swift */ = {isa = PBXFileReference; lastKnownFileType = sourcecode.swift; path = SummaryCardView.swift; sourceTree = "<group>"; };
		5B43EE112FCB43AA00D0E92A /* ShareSheet.swift */ = {isa = PBXFileReference; lastKnownFileType = sourcecode.swift; path = ShareSheet.swift; sourceTree = "<group>"; };
		5B43EE132FCB43E700D0E92A /* CoreDataManager.swift */ = {isa = PBXFileReference; lastKnownFileType = sourcecode.swift; path = CoreDataManager.swift; sourceTree = "<group>"; };
		5B43EE152FCB440D00D0E92A /* Formatters.swift */ = {isa = PBXFileReference; lastKnownFileType = sourcecode.swift; path = Formatters.swift; sourceTree = "<group>"; };
		5BD68AB82FC94AB700DEE10A /* FinanceTabview.swift */ = {isa = PBXFileReference; lastKnownFileType = sourcecode.swift; path = FinanceTabview.swift; sourceTree = "<group>"; };
		5BD68ABD2FC94E4600DEE10A /* Coordinators */ = {isa = PBXFileReference; lastKnownFileType = folder; path = Coordinators; sourceTree = "<group>"; };
		5BD68ABF2FC94F6300DEE10A /* AddTransactionView.swift */ = {isa = PBXFileReference; lastKnownFileType = sourcecode.swift; path = AddTransactionView.swift; sourceTree = "<group>"; };
		5BD68AC12FC94FA900DEE10A /* DynamicFilterView.swift */ = {isa = PBXFileReference; lastKnownFileType = sourcecode.swift; path = DynamicFilterView.swift; sourceTree = "<group>"; };
		5BD68AC32FC94FFF00DEE10A /* EditTransactionView.swift */ = {isa = PBXFileReference; lastKnownFileType = sourcecode.swift; path = EditTransactionView.swift; sourceTree = "<group>"; };
		8E35A163788907FFCA000177 /* DashboardView.swift */ = {isa = PBXFileReference; includeInIndex = 1; lastKnownFileType = sourcecode.swift; path = DashboardView.swift; sourceTree = "<group>"; };
		AA000010FFFFFFFF00000000 /* Transaction.swift */ = {isa = PBXFileReference; lastKnownFileType = sourcecode.swift; path = Transaction.swift; sourceTree = "<group>"; };
		AA000011FFFFFFFF00000000 /* FarmActivity.swift */ = {isa = PBXFileReference; lastKnownFileType = sourcecode.swift; path = FarmActivity.swift; sourceTree = "<group>"; };
		AA000012FFFFFFFF00000000 /* Reminder.swift */ = {isa = PBXFileReference; lastKnownFileType = sourcecode.swift; path = Reminder.swift; sourceTree = "<group>"; };
		AA000030FFFFFFFF00000000 /* MainTabView.swift */ = {isa = PBXFileReference; lastKnownFileType = sourcecode.swift; path = MainTabView.swift; sourceTree = "<group>"; };
		BB000001FFFFFFFF00000000 /* FarmActivityEntity+CoreDataClass.swift */ = {isa = PBXFileReference; lastKnownFileType = sourcecode.swift; path = "FarmActivityEntity+CoreDataClass.swift"; sourceTree = "<group>"; };
		BB000002FFFFFFFF00000000 /* FarmActivityEntity+CoreDataProperties.swift */ = {isa = PBXFileReference; lastKnownFileType = sourcecode.swift; path = "FarmActivityEntity+CoreDataProperties.swift"; sourceTree = "<group>"; };
		BB000003FFFFFFFF00000000 /* TransactionEntity+CoreDataClass.swift */ = {isa = PBXFileReference; lastKnownFileType = sourcecode.swift; path = "TransactionEntity+CoreDataClass.swift"; sourceTree = "<group>"; };
		BB000004FFFFFFFF00000000 /* TransactionEntity+CoreDataProperties.swift */ = {isa = PBXFileReference; lastKnownFileType = sourcecode.swift; path = "TransactionEntity+CoreDataProperties.swift"; sourceTree = "<group>"; };
		BB000005FFFFFFFF00000000 /* ReminderEntity+CoreDataClass.swift */ = {isa = PBXFileReference; lastKnownFileType = sourcecode.swift; path = "ReminderEntity+CoreDataClass.swift"; sourceTree = "<group>"; };
		BB000006FFFFFFFF00000000 /* ReminderEntity+CoreDataProperties.swift */ = {isa = PBXFileReference; lastKnownFileType = sourcecode.swift; path = "ReminderEntity+CoreDataProperties.swift"; sourceTree = "<group>"; };
/* End PBXFileReference section */

/* Begin PBXFrameworksBuildPhase section */
		5B3BCB0C2FAD97EA009A2991 /* Frameworks */ = {
			isa = PBXFrameworksBuildPhase;
			buildActionMask = 2147483647;
			files = (
			);
			runOnlyForDeploymentPostprocessing = 0;
		};
/* End PBXFrameworksBuildPhase section */

/* Begin PBXGroup section */
		5B3BCB062FAD97EA009A2991 = {
			isa = PBXGroup;
			children = (
				5B3BCB112FAD97EA009A2991 /* SmartFarm */,
				5B3BCB102FAD97EA009A2991 /* Products */,
			);
			sourceTree = "<group>";
		};
		5B3BCB102FAD97EA009A2991 /* Products */ = {
			isa = PBXGroup;
			children = (
				5B3BCB0F2FAD97EA009A2991 /* SmartFarm.app */,
			);
			name = Products;
			sourceTree = "<group>";
		};
		5B3BCB112FAD97EA009A2991 /* SmartFarm */ = {
			isa = PBXGroup;
			children = (
				5B3BCB122FAD97EA009A2991 /* SmartFarmApp.swift */,
				5B3BCB142FAD97EA009A2991 /* ContentView.swift */,
				5B3BCB1B2FAD97EC009A2991 /* Persistence.swift */,
				5B3BCB162FAD97EC009A2991 /* Assets.xcassets */,
				5B3BCB1D2FAD97EC009A2991 /* SmartFarm.xcdatamodeld */,
				5B3BCB182FAD97EC009A2991 /* Preview Content */,
				AA000005FFFFFFFF00000000 /* Dashboard */,
				AA000007FFFFFFFF00000000 /* CalendarReminders */,
				AA000009FFFFFFFF00000000 /* Finance */,
				5B43EDD42FCB2F9700D0E92A /* Setting */,
				5B43EDF42FCB3B9600D0E92A /* Reports */,
				5B43EE102FCB434300D0E92A /* Shared */,
				AA000004FFFFFFFF00000000 /* Utilities */,
			);
			path = SmartFarm;
			sourceTree = "<group>";
		};
		5B3BCB182FAD97EC009A2991 /* Preview Content */ = {
			isa = PBXGroup;
			children = (
				5B3BCB192FAD97EC009A2991 /* Preview Assets.xcassets */,
			);
			path = "Preview Content";
			sourceTree = "<group>";
		};
		5B43EDD42FCB2F9700D0E92A /* Setting */ = {
			isa = PBXGroup;
			children = (
			);
			path = Setting;
			sourceTree = "<group>";
		};
		5B43EDF42FCB3B9600D0E92A /* Reports */ = {
			isa = PBXGroup;
			children = (
				5B43EDF52FCB3BC300D0E92A /* Models */,
				5B43EDFD2FCB3F5000D0E92A /* Services */,
				5B43EE022FCB402500D0E92A /* ViewModels */,
				5B43EE052FCB40AE00D0E92A /* Views */,
			);
			path = Reports;
			sourceTree = "<group>";
		};
		5B43EDF52FCB3BC300D0E92A /* Models */ = {
			isa = PBXGroup;
			children = (
				5B43EDFA2FCB3EEA00D0E92A /* MonthlyReport.swift */,
			);
			path = Models;
			sourceTree = "<group>";
		};
		5B43EDFD2FCB3F5000D0E92A /* Services */ = {
			isa = PBXGroup;
			children = (
				5B43EDFE2FCB3FA400D0E92A /* CSVExporter.swift */,
				5B43EE002FCB3FD600D0E92A /* PDFGenerator.swift */,
			);
			path = Services;
			sourceTree = "<group>";
		};
		5B43EE022FCB402500D0E92A /* ViewModels */ = {
			isa = PBXGroup;
			children = (
				5B43EE032FCB409C00D0E92A /* ReportViewModel.swift */,
			);
			path = ViewModels;
			sourceTree = "<group>";
		};
		5B43EE052FCB40AE00D0E92A /* Views */ = {
			isa = PBXGroup;
			children = (
				5B43EE062FCB428E00D0E92A /* BarChatView.swift */,
				5B43EE082FCB42B000D0E92A /* BarShape.swift */,
				5B43EE0A2FCB42D400D0E92A /* MonthPickerView.swift */,
				5B43EE0C2FCB42FF00D0E92A /* ReportTabView.swift */,
				5B43EE0E2FCB432000D0E92A /* SummaryCardView.swift */,
			);
			path = Views;
			sourceTree = "<group>";
		};
		5B43EE102FCB434300D0E92A /* Shared */ = {
			isa = PBXGroup;
			children = (
				5B43EE112FCB43AA00D0E92A /* ShareSheet.swift */,
			);
			path = Shared;
			sourceTree = "<group>";
		};
		5BD68AB72FC94A8E00DEE10A /* Views */ = {
			isa = PBXGroup;
			children = (
				5BD68AB82FC94AB700DEE10A /* FinanceTabview.swift */,
				5BD68ABF2FC94F6300DEE10A /* AddTransactionView.swift */,
				5BD68AC12FC94FA900DEE10A /* DynamicFilterView.swift */,
				5BD68AC32FC94FFF00DEE10A /* EditTransactionView.swift */,
				5B43EDC42FCB28F900D0E92A /* TransactionDetailView.swift */,
				5B43EDC62FCB294400D0E92A /* TransactionListView.swift */,
				5B43EDC82FCB296200D0E92A /* TransactionRowView.swift */,
			);
			path = Views;
			sourceTree = "<group>";
		};
		AA000004FFFFFFFF00000000 /* Utilities */ = {
			isa = PBXGroup;
			children = (
				5B43EE132FCB43E700D0E92A /* CoreDataManager.swift */,
				5B43EE152FCB440D00D0E92A /* Formatters.swift */,
			);
			path = Utilities;
			sourceTree = "<group>";
		};
		AA000005FFFFFFFF00000000 /* Dashboard */ = {
			isa = PBXGroup;
			children = (
				AA000041FFFFFFFF00000000 /* Models */,
				AA000006FFFFFFFF00000000 /* Views */,
			);
			path = Dashboard;
			sourceTree = "<group>";
		};
		AA000006FFFFFFFF00000000 /* Views */ = {
			isa = PBXGroup;
			children = (
				AA000030FFFFFFFF00000000 /* MainTabView.swift */,
				8E35A163788907FFCA000177 /* DashboardView.swift */,
			);
			path = Views;
			sourceTree = "<group>";
		};
		AA000007FFFFFFFF00000000 /* CalendarReminders */ = {
			isa = PBXGroup;
			children = (
				AA000008FFFFFFFF00000000 /* Models */,
			);
			path = CalendarReminders;
			sourceTree = "<group>";
		};
		AA000008FFFFFFFF00000000 /* Models */ = {
			isa = PBXGroup;
			children = (
				AA000012FFFFFFFF00000000 /* Reminder.swift */,
				BB000005FFFFFFFF00000000 /* ReminderEntity+CoreDataClass.swift */,
				BB000006FFFFFFFF00000000 /* ReminderEntity+CoreDataProperties.swift */,
			);
			path = Models;
			sourceTree = "<group>";
		};
		AA000009FFFFFFFF00000000 /* Finance */ = {
			isa = PBXGroup;
			children = (
				5BD68ABD2FC94E4600DEE10A /* Coordinators */,
				5BD68AB72FC94A8E00DEE10A /* Views */,
				AA000040FFFFFFFF00000000 /* ViewModels */,
				AA00000AFFFFFFFF00000000 /* Models */,
			);
			path = Finance;
			sourceTree = "<group>";
		};
		AA00000AFFFFFFFF00000000 /* Models */ = {
			isa = PBXGroup;
			children = (
				AA000010FFFFFFFF00000000 /* Transaction.swift */,
				BB000003FFFFFFFF00000000 /* TransactionEntity+CoreDataClass.swift */,
				BB000004FFFFFFFF00000000 /* TransactionEntity+CoreDataProperties.swift */,
			);
			path = Models;
			sourceTree = "<group>";
		};
		AA000040FFFFFFFF00000000 /* ViewModels */ = {
			isa = PBXGroup;
			children = (
				5B43EDCC2FCB2B0C00D0E92A /* FinanceViewModel.swift */,
			);
			path = ViewModels;
			sourceTree = "<group>";
		};
		AA000041FFFFFFFF00000000 /* Models */ = {
			isa = PBXGroup;
			children = (
				AA000011FFFFFFFF00000000 /* FarmActivity.swift */,
				BB000001FFFFFFFF00000000 /* FarmActivityEntity+CoreDataClass.swift */,
				BB000002FFFFFFFF00000000 /* FarmActivityEntity+CoreDataProperties.swift */,
			);
			path = Models;
			sourceTree = "<group>";
		};
/* End PBXGroup section */

/* Begin PBXNativeTarget section */
		5B3BCB0E2FAD97EA009A2991 /* SmartFarm */ = {
			isa = PBXNativeTarget;
			buildConfigurationList = 5B3BCB222FAD97EC009A2991 /* Build configuration list for PBXNativeTarget "SmartFarm" */;
			buildPhases = (
				5B3BCB0B2FAD97EA009A2991 /* Sources */,
				5B3BCB0C2FAD97EA009A2991 /* Frameworks */,
				5B3BCB0D2FAD97EA009A2991 /* Resources */,
			);
			buildRules = (
			);
			dependencies = (
			);
			name = SmartFarm;
			productName = SmartFarm;
			productReference = 5B3BCB0F2FAD97EA009A2991 /* SmartFarm.app */;
			productType = "com.apple.product-type.application";
		};
/* End PBXNativeTarget section */

/* Begin PBXProject section */
		5B3BCB072FAD97EA009A2991 /* Project object */ = {
			isa = PBXProject;
			attributes = {
				BuildIndependentTargetsInParallel = 1;
				LastSwiftUpdateCheck = 1320;
				LastUpgradeCheck = 1320;
				TargetAttributes = {
					5B3BCB0E2FAD97EA009A2991 = {
						CreatedOnToolsVersion = 13.2.1;
					};
				};
			};
			buildConfigurationList = 5B3BCB0A2FAD97EA009A2991 /* Build configuration list for PBXProject "SmartFarm" */;
			compatibilityVersion = "Xcode 13.0";
			developmentRegion = en;
			hasScannedForEncodings = 0;
			knownRegions = (
				en,
				Base,
			);
			mainGroup = 5B3BCB062FAD97EA009A2991;
			productRefGroup = 5B3BCB102FAD97EA009A2991 /* Products */;
			projectDirPath = "";
			projectRoot = "";
			targets = (
				5B3BCB0E2FAD97EA009A2991 /* SmartFarm */,
			);
		};
/* End PBXProject section */

/* Begin PBXResourcesBuildPhase section */
		5B3BCB0D2FAD97EA009A2991 /* Resources */ = {
			isa = PBXResourcesBuildPhase;
			buildActionMask = 2147483647;
			files = (
				5B3BCB1A2FAD97EC009A2991 /* Preview Assets.xcassets in Resources */,
				5B3BCB172FAD97EC009A2991 /* Assets.xcassets in Resources */,
			);
			runOnlyForDeploymentPostprocessing = 0;
		};
/* End PBXResourcesBuildPhase section */

/* Begin PBXSourcesBuildPhase section */
		5B3BCB0B2FAD97EA009A2991 /* Sources */ = {
			isa = PBXSourcesBuildPhase;
			buildActionMask = 2147483647;
			files = (
				5B3BCB1C2FAD97EC009A2991 /* Persistence.swift in Sources */,
				5B3BCB152FAD97EA009A2991 /* ContentView.swift in Sources */,
				5B3BCB132FAD97EA009A2991 /* SmartFarmApp.swift in Sources */,
				5B43EDC52FCB28F900D0E92A /* TransactionDetailView.swift in Sources */,
				5B43EE0F2FCB432000D0E92A /* SummaryCardView.swift in Sources */,
				5B3BCB1F2FAD97EC009A2991 /* SmartFarm.xcdatamodeld in Sources */,
				5B43EDC92FCB296200D0E92A /* TransactionRowView.swift in Sources */,
				AA000012FFFFFFFF00000001 /* Reminder.swift in Sources */,
				5B43EE0B2FCB42D400D0E92A /* MonthPickerView.swift in Sources */,
				AA000010FFFFFFFF00000001 /* Transaction.swift in Sources */,
				5B43EE142FCB43E700D0E92A /* CoreDataManager.swift in Sources */,
				5B43EE072FCB428E00D0E92A /* BarChatView.swift in Sources */,
				5B43EE162FCB440D00D0E92A /* Formatters.swift in Sources */,
				5BD68AB92FC94AB700DEE10A /* FinanceTabview.swift in Sources */,
				5BD68AC02FC94F6300DEE10A /* AddTransactionView.swift in Sources */,
				5B43EE092FCB42B000D0E92A /* BarShape.swift in Sources */,
				AA000011FFFFFFFF00000001 /* FarmActivity.swift in Sources */,
				5B43EE012FCB3FD600D0E92A /* PDFGenerator.swift in Sources */,
				5B43EE042FCB409C00D0E92A /* ReportViewModel.swift in Sources */,
				AA000030FFFFFFFF00000001 /* MainTabView.swift in Sources */,
				BB000001FFFFFFFF00000001 /* FarmActivityEntity+CoreDataClass.swift in Sources */,
				BB000002FFFFFFFF00000001 /* FarmActivityEntity+CoreDataProperties.swift in Sources */,
				BB000003FFFFFFFF00000001 /* TransactionEntity+CoreDataClass.swift in Sources */,
				5B43EE0D2FCB42FF00D0E92A /* ReportTabView.swift in Sources */,
				5B43EDFB2FCB3EEA00D0E92A /* MonthlyReport.swift in Sources */,
				5B43EDCD2FCB2B0D00D0E92A /* FinanceViewModel.swift in Sources */,
				5B43EDFF2FCB3FA400D0E92A /* CSVExporter.swift in Sources */,
				5BD68AC42FC94FFF00DEE10A /* EditTransactionView.swift in Sources */,
				BB000004FFFFFFFF00000001 /* TransactionEntity+CoreDataProperties.swift in Sources */,
				BB000005FFFFFFFF00000001 /* ReminderEntity+CoreDataClass.swift in Sources */,
				5B43EDC72FCB294400D0E92A /* TransactionListView.swift in Sources */,
				5B43EE122FCB43AA00D0E92A /* ShareSheet.swift in Sources */,
				BB000006FFFFFFFF00000001 /* ReminderEntity+CoreDataProperties.swift in Sources */,
				5BD68AC22FC94FA900DEE10A /* DynamicFilterView.swift in Sources */,
				AECEC902472518095DA9D1C2 /* DashboardView.swift in Sources */,
			);
			runOnlyForDeploymentPostprocessing = 0;
		};
/* End PBXSourcesBuildPhase section */

/* Begin XCBuildConfiguration section */
		5B3BCB202FAD97EC009A2991 /* Debug */ = {
			isa = XCBuildConfiguration;
			buildSettings = {
				ALWAYS_SEARCH_USER_PATHS = NO;
				CLANG_ANALYZER_NONNULL = YES;
				CLANG_ANALYZER_NUMBER_OBJECT_CONVERSION = YES_AGGRESSIVE;
				CLANG_CXX_LANGUAGE_STANDARD = "gnu++17";
				CLANG_CXX_LIBRARY = "libc++";
				CLANG_ENABLE_MODULES = YES;
				CLANG_ENABLE_OBJC_ARC = YES;
				CLANG_ENABLE_OBJC_WEAK = YES;
				CLANG_WARN_BLOCK_CAPTURE_AUTORELEASING = YES;
				CLANG_WARN_BOOL_CONVERSION = YES;
				CLANG_WARN_COMMA = YES;
				CLANG_WARN_CONSTANT_CONVERSION = YES;
				CLANG_WARN_DEPRECATED_OBJC_IMPLEMENTATIONS = YES;
				CLANG_WARN_DIRECT_OBJC_ISA_USAGE = YES_ERROR;
				CLANG_WARN_DOCUMENTATION_COMMENTS = YES;
				CLANG_WARN_EMPTY_BODY = YES;
				CLANG_WARN_ENUM_CONVERSION = YES;
				CLANG_WARN_INFINITE_RECURSION = YES;
				CLANG_WARN_INT_CONVERSION = YES;
				CLANG_WARN_NON_LITERAL_NULL_CONVERSION = YES;
				CLANG_WARN_OBJC_IMPLICIT_RETAIN_SELF = YES;
				CLANG_WARN_OBJC_LITERAL_CONVERSION = YES;
				CLANG_WARN_OBJC_ROOT_CLASS = YES_ERROR;
				CLANG_WARN_QUOTED_INCLUDE_IN_FRAMEWORK_HEADER = YES;
				CLANG_WARN_RANGE_LOOP_ANALYSIS = YES;
				CLANG_WARN_STRICT_PROTOTYPES = YES;
				CLANG_WARN_SUSPICIOUS_MOVE = YES;
				CLANG_WARN_UNGUARDED_AVAILABILITY = YES_AGGRESSIVE;
				CLANG_WARN_UNREACHABLE_CODE = YES;
				CLANG_WARN__DUPLICATE_METHOD_MATCH = YES;
				COPY_PHASE_STRIP = NO;
				DEBUG_INFORMATION_FORMAT = dwarf;
				ENABLE_STRICT_OBJC_MSGSEND = YES;
				ENABLE_TESTABILITY = YES;
				GCC_C_LANGUAGE_STANDARD = gnu11;
				GCC_DYNAMIC_NO_PIC = NO;
				GCC_NO_COMMON_BLOCKS = YES;
				GCC_OPTIMIZATION_LEVEL = 0;
				GCC_PREPROCESSOR_DEFINITIONS = (
					"DEBUG=1",
					"$(inherited)",
				);
				GCC_WARN_64_TO_32_BIT_CONVERSION = YES;
				GCC_WARN_ABOUT_RETURN_TYPE = YES_ERROR;
				GCC_WARN_UNDECLARED_SELECTOR = YES;
				GCC_WARN_UNINITIALIZED_AUTOS = YES_AGGRESSIVE;
				GCC_WARN_UNUSED_FUNCTION = YES;
				GCC_WARN_UNUSED_VARIABLE = YES;
				IPHONEOS_DEPLOYMENT_TARGET = 14.0;
				MTL_ENABLE_DEBUG_INFO = INCLUDE_SOURCE;
				MTL_FAST_MATH = YES;
				ONLY_ACTIVE_ARCH = YES;
				SDKROOT = iphoneos;
				SWIFT_ACTIVE_COMPILATION_CONDITIONS = DEBUG;
				SWIFT_OPTIMIZATION_LEVEL = "-Onone";
			};
			name = Debug;
		};
		5B3BCB212FAD97EC009A2991 /* Release */ = {
			isa = XCBuildConfiguration;
			buildSettings = {
				ALWAYS_SEARCH_USER_PATHS = NO;
				CLANG_ANALYZER_NONNULL = YES;
				CLANG_ANALYZER_NUMBER_OBJECT_CONVERSION = YES_AGGRESSIVE;
				CLANG_CXX_LANGUAGE_STANDARD = "gnu++17";
				CLANG_CXX_LIBRARY = "libc++";
				CLANG_ENABLE_MODULES = YES;
				CLANG_ENABLE_OBJC_ARC = YES;
				CLANG_ENABLE_OBJC_WEAK = YES;
				CLANG_WARN_BLOCK_CAPTURE_AUTORELEASING = YES;
				CLANG_WARN_BOOL_CONVERSION = YES;
				CLANG_WARN_COMMA = YES;
				CLANG_WARN_CONSTANT_CONVERSION = YES;
				CLANG_WARN_DEPRECATED_OBJC_IMPLEMENTATIONS = YES;
				CLANG_WARN_DIRECT_OBJC_ISA_USAGE = YES_ERROR;
				CLANG_WARN_DOCUMENTATION_COMMENTS = YES;
				CLANG_WARN_EMPTY_BODY = YES;
				CLANG_WARN_ENUM_CONVERSION = YES;
				CLANG_WARN_INFINITE_RECURSION = YES;
				CLANG_WARN_INT_CONVERSION = YES;
				CLANG_WARN_NON_LITERAL_NULL_CONVERSION = YES;
				CLANG_WARN_OBJC_IMPLICIT_RETAIN_SELF = YES;
				CLANG_WARN_OBJC_LITERAL_CONVERSION = YES;
				CLANG_WARN_OBJC_ROOT_CLASS = YES_ERROR;
				CLANG_WARN_QUOTED_INCLUDE_IN_FRAMEWORK_HEADER = YES;
				CLANG_WARN_RANGE_LOOP_ANALYSIS = YES;
				CLANG_WARN_STRICT_PROTOTYPES = YES;
				CLANG_WARN_SUSPICIOUS_MOVE = YES;
				CLANG_WARN_UNGUARDED_AVAILABILITY = YES_AGGRESSIVE;
				CLANG_WARN_UNREACHABLE_CODE = YES;
				CLANG_WARN__DUPLICATE_METHOD_MATCH = YES;
				COPY_PHASE_STRIP = NO;
				DEBUG_INFORMATION_FORMAT = "dwarf-with-dsym";
				ENABLE_NS_ASSERTIONS = NO;
				ENABLE_STRICT_OBJC_MSGSEND = YES;
				GCC_C_LANGUAGE_STANDARD = gnu11;
				GCC_NO_COMMON_BLOCKS = YES;
				GCC_WARN_64_TO_32_BIT_CONVERSION = YES;
				GCC_WARN_ABOUT_RETURN_TYPE = YES_ERROR;
				GCC_WARN_UNDECLARED_SELECTOR = YES;
				GCC_WARN_UNINITIALIZED_AUTOS = YES_AGGRESSIVE;
				GCC_WARN_UNUSED_FUNCTION = YES;
				GCC_WARN_UNUSED_VARIABLE = YES;
				IPHONEOS_DEPLOYMENT_TARGET = 14.0;
				MTL_ENABLE_DEBUG_INFO = NO;
				MTL_FAST_MATH = YES;
				SDKROOT = iphoneos;
				SWIFT_COMPILATION_MODE = wholemodule;
				SWIFT_OPTIMIZATION_LEVEL = "-O";
				VALIDATE_PRODUCT = YES;
			};
			name = Release;
		};
		5B3BCB232FAD97EC009A2991 /* Debug */ = {
			isa = XCBuildConfiguration;
			buildSettings = {
				ASSETCATALOG_COMPILER_APPICON_NAME = AppIcon;
				ASSETCATALOG_COMPILER_GLOBAL_ACCENT_COLOR_NAME = AccentColor;
				CODE_SIGN_STYLE = Automatic;
				CURRENT_PROJECT_VERSION = 1;
				DEVELOPMENT_ASSET_PATHS = "\"SmartFarm/Preview Content\"";
				DEVELOPMENT_TEAM = PBJ22NG3WU;
				ENABLE_PREVIEWS = YES;
				GENERATE_INFOPLIST_FILE = YES;
				INFOPLIST_KEY_UIApplicationSceneManifest_Generation = YES;
				INFOPLIST_KEY_UIApplicationSupportsIndirectInputEvents = YES;
				INFOPLIST_KEY_UILaunchScreen_Generation = YES;
				INFOPLIST_KEY_UISupportedInterfaceOrientations_iPad = "UIInterfaceOrientationPortrait UIInterfaceOrientationPortraitUpsideDown UIInterfaceOrientationLandscapeLeft UIInterfaceOrientationLandscapeRight";
				INFOPLIST_KEY_UISupportedInterfaceOrientations_iPhone = "UIInterfaceOrientationPortrait UIInterfaceOrientationLandscapeLeft UIInterfaceOrientationLandscapeRight";
				LD_RUNPATH_SEARCH_PATHS = (
					"$(inherited)",
					"@executable_path/Frameworks",
				);
				MARKETING_VERSION = 1.0;
				PRODUCT_BUNDLE_IDENTIFIER = smartfarm.com;
				PRODUCT_NAME = "$(TARGET_NAME)";
				SWIFT_EMIT_LOC_STRINGS = YES;
				SWIFT_VERSION = 5.0;
				TARGETED_DEVICE_FAMILY = "1,2";
			};
			name = Debug;
		};
		5B3BCB242FAD97EC009A2991 /* Release */ = {
			isa = XCBuildConfiguration;
			buildSettings = {
				ASSETCATALOG_COMPILER_APPICON_NAME = AppIcon;
				ASSETCATALOG_COMPILER_GLOBAL_ACCENT_COLOR_NAME = AccentColor;
				CODE_SIGN_STYLE = Automatic;
				CURRENT_PROJECT_VERSION = 1;
				DEVELOPMENT_ASSET_PATHS = "\"SmartFarm/Preview Content\"";
				DEVELOPMENT_TEAM = PBJ22NG3WU;
				ENABLE_PREVIEWS = YES;
				GENERATE_INFOPLIST_FILE = YES;
				INFOPLIST_KEY_UIApplicationSceneManifest_Generation = YES;
				INFOPLIST_KEY_UIApplicationSupportsIndirectInputEvents = YES;
				INFOPLIST_KEY_UILaunchScreen_Generation = YES;
				INFOPLIST_KEY_UISupportedInterfaceOrientations_iPad = "UIInterfaceOrientationPortrait UIInterfaceOrientationPortraitUpsideDown UIInterfaceOrientationLandscapeLeft UIInterfaceOrientationLandscapeRight";
				INFOPLIST_KEY_UISupportedInterfaceOrientations_iPhone = "UIInterfaceOrientationPortrait UIInterfaceOrientationLandscapeLeft UIInterfaceOrientationLandscapeRight";
				LD_RUNPATH_SEARCH_PATHS = (
					"$(inherited)",
					"@executable_path/Frameworks",
				);
				MARKETING_VERSION = 1.0;
				PRODUCT_BUNDLE_IDENTIFIER = smartfarm.com;
				PRODUCT_NAME = "$(TARGET_NAME)";
				SWIFT_EMIT_LOC_STRINGS = YES;
				SWIFT_VERSION = 5.0;
				TARGETED_DEVICE_FAMILY = "1,2";
			};
			name = Release;
		};
/* End XCBuildConfiguration section */

/* Begin XCConfigurationList section */
		5B3BCB0A2FAD97EA009A2991 /* Build configuration list for PBXProject "SmartFarm" */ = {
			isa = XCConfigurationList;
			buildConfigurations = (
				5B3BCB202FAD97EC009A2991 /* Debug */,
				5B3BCB212FAD97EC009A2991 /* Release */,
			);
			defaultConfigurationIsVisible = 0;
			defaultConfigurationName = Release;
		};
		5B3BCB222FAD97EC009A2991 /* Build configuration list for PBXNativeTarget "SmartFarm" */ = {
			isa = XCConfigurationList;
			buildConfigurations = (
				5B3BCB232FAD97EC009A2991 /* Debug */,
				5B3BCB242FAD97EC009A2991 /* Release */,
			);
			defaultConfigurationIsVisible = 0;
			defaultConfigurationName = Release;
		};
/* End XCConfigurationList section */

/* Begin XCVersionGroup section */
		5B3BCB1D2FAD97EC009A2991 /* SmartFarm.xcdatamodeld */ = {
			isa = XCVersionGroup;
			children = (
				5B3BCB1E2FAD97EC009A2991 /* SmartFarm.xcdatamodel */,
			);
			currentVersion = 5B3BCB1E2FAD97EC009A2991 /* SmartFarm.xcdatamodel */;
			path = SmartFarm.xcdatamodeld;
			sourceTree = "<group>";
			versionGroupType = wrapper.xcdatamodel;
		};
/* End XCVersionGroup section */
	};
	rootObject = 5B3BCB072FAD97EA009A2991 /* Project object */;
}
